
Microsoft Visual Studio Solution File, Format Version 12.00
# Visual Studio Version 17
VisualStudioVersion = 17.5.2.0
MinimumVisualStudioVersion = 10.0.40219.1
Project("{FAE04EC0-301F-11D3-BF4B-00C04F79EFBC}") = "ProgettoUnito", "ProgettoUnito\ProgettoUnito.csproj", "{F6D31304-BFC2-0BAA-1D65-E9546440CBBB}"
EndProject
Project("{FAE04EC0-301F-11D3-BF4B-00C04F79EFBC}") = "ProgettoAlessio", "ProgettoAlessio\ProgettoAlessio.csproj", "{44D6BE88-7A52-416E-A4E7-E8DCA053805A}"
EndProject
Global
	GlobalSection(SolutionConfigurationPlatforms) = preSolution
		Debug|Any CPU = Debug|Any CPU
		Debug|x64 = Debug|x64
		Debug|x86 = Debug|x86
		Release|Any CPU = Release|Any CPU
		Release|x64 = Release|x64
		Release|x86 = Release|x86
	EndGlobalSection
	GlobalSection(ProjectConfigurationPlatforms) = postSolution
		{F6D31304-BFC2-0BAA-1D65-E9546440CBBB}.Debug|Any CPU.ActiveCfg = Debug|Any CPU
		{F6D31304-BFC2-0BAA-1D65-E9546440CBBB}.Debug|Any CPU.Build.0 = Debug|Any CPU
		{F6D31304-BFC2-0BAA-1D65-E9546440CBBB}.Debug|x64.ActiveCfg = Debug|Any CPU
		{F6D31304-BFC2-0BAA-1D65-E9546440CBBB}.Debug|x64.Build.0 = Debug|Any CPU
		{F6D31304-BFC2-0BAA-1D65-E9546440CBBB}.Debug|x86.ActiveCfg = Debug|Any CPU
		{F6D31304-BFC2-0BAA-1D65-E9546440CBBB}.Debug|x86.Build.0 = Debug|Any CPU
		{F6D31304-BFC2-0BAA-1D65-E9546440CBBB}.Release|Any CPU.ActiveCfg = Release|Any CPU
		{F6D31304-BFC2-0BAA-1D65-E9546440CBBB}.Release|Any CPU.Build.0 = Release|Any CPU
		{F6D31304-BFC2-0BAA-1D65-E9546440CBBB}.Release|x64.ActiveCfg = Release|Any CPU
		{F6D31304-BFC2-0BAA-1D65-E9546440CBBB}.Release|x64.Build.0 = Release|Any CPU
		{F6D31304-BFC2-0BAA-1D65-E9546440CBBB}.Release|x86.ActiveCfg = Release|Any CPU
		{F6D31304-BFC2-0BAA-1D65-E9546440CBBB}.Release|x86.Build.0 = Release|Any CPU
		{44D6BE88-7A52-416E-A4E7-E8DCA053805A}.Debug|Any CPU.ActiveCfg = Debug|Any CPU
		{44D6BE88-7A52-416E-A4E7-E8DCA053805A}.Debug|Any CPU.Build.0 = Debug|Any CPU
		{44D6BE88-7A52-416E-A4E7-E8DCA053805A}.Debug|x64.ActiveCfg = Debug|Any CPU
		{44D6BE88-7A52-416E-A4E7-E8DCA053805A}.Debug|x64.Build.0 = Debug|Any CPU
		{44D6BE88-7A52-416E-A4E7-E8DCA053805A}.Debug|x86.ActiveCfg = Debug|Any CPU
		{44D6BE88-7A52-416E-A4E7-E8DCA053805A}.Debug|x86.Build.0 = Debug|Any CPU
		{44D6BE88-7A52-416E-A4E7-E8DCA053805A}.Release|Any CPU.ActiveCfg = Release|Any CPU
		{44D6BE88-7A52-416E-A4E7-E8DCA053805A}.Release|Any CPU.Build.0 = Release|Any CPU
		{44D6BE88-7A52-416E-A4E7-E8DCA053805A}.Release|x64.ActiveCfg = Release|Any CPU
		{44D6BE88-7A52-416E-A4E7-E8DCA053805A}.Release|x64.Build.0 = Release|Any CPU
		{44D6BE88-7A52-416E-A4E7-E8DCA053805A}.Release|x86.ActiveCfg = Release|Any CPU
		{44D6BE88-7A52-416E-A4E7-E8DCA053805A}.Release|x86.Build.0 = Release|Any CPU
	EndGlobalSection
	GlobalSection(SolutionProperties) = preSolution
		HideSolutionNode = FALSE
	EndGlobalSection
	GlobalSection(ExtensibilityGlobals) = postSolution
		SolutionGuid = {AD37D8AD-6E8A-4128-98BD-5FD05515A3E2}
	EndGlobalSection
EndGlobal
